// !$*UTF8*$!
{
	archiveVersion = 1;
	classes = {
	};
	objectVersion = 46;
	objects = {

/* Begin PBXBuildFile section */
		4D0ABAB01ABF5A91008BF5FB /* MobileCoreServices.framework in Frameworks */ = {isa = PBXBuildFile; fileRef = 4D0ABAAF1ABF5A91008BF5FB /* MobileCoreServices.framework */; };
		4D26C2DF1AC18ABD00C3C1AE /* FilterViewController.swift in Sources */ = {isa = PBXBuildFile; fileRef = 4D26C2DE1AC18ABD00C3C1AE /* FilterViewController.swift */; };
		4D3DDFEC1AC945E1002916D0 /* ProfileViewController.swift in Sources */ = {isa = PBXBuildFile; fileRef = 4D3DDFEB1AC945E1002916D0 /* ProfileViewController.swift */; };
		4D562E511ABECFE4002C4560 /* AppDelegate.swift in Sources */ = {isa = PBXBuildFile; fileRef = 4D562E501ABECFE4002C4560 /* AppDelegate.swift */; };
		4D562E541ABECFE4002C4560 /* ExchangeAGram.xcdatamodeld in Sources */ = {isa = PBXBuildFile; fileRef = 4D562E521ABECFE4002C4560 /* ExchangeAGram.xcdatamodeld */; };
		4D562E591ABECFE4002C4560 /* Main.storyboard in Resources */ = {isa = PBXBuildFile; fileRef = 4D562E571ABECFE4002C4560 /* Main.storyboard */; };
		4D562E5B1ABECFE4002C4560 /* Images.xcassets in Resources */ = {isa = PBXBuildFile; fileRef = 4D562E5A1ABECFE4002C4560 /* Images.xcassets */; };
		4D562E5E1ABECFE4002C4560 /* LaunchScreen.xib in Resources */ = {isa = PBXBuildFile; fileRef = 4D562E5C1ABECFE4002C4560 /* LaunchScreen.xib */; };
		4D562E6A1ABECFE5002C4560 /* ExchangeAGramTests.swift in Sources */ = {isa = PBXBuildFile; fileRef = 4D562E691ABECFE5002C4560 /* ExchangeAGramTests.swift */; };
		4D562E741ABEF764002C4560 /* FeedViewController.swift in Sources */ = {isa = PBXBuildFile; fileRef = 4D562E731ABEF764002C4560 /* FeedViewController.swift */; };
		4D562E761ABF3268002C4560 /* FeedCell.swift in Sources */ = {isa = PBXBuildFile; fileRef = 4D562E751ABF3268002C4560 /* FeedCell.swift */; };
		4DB2B9131AC457C900FF9B6C /* FilterCell.swift in Sources */ = {isa = PBXBuildFile; fileRef = 4DB2B9121AC457C900FF9B6C /* FilterCell.swift */; };
		4DD011F81AC749A000137125 /* FeedItem.swift in Sources */ = {isa = PBXBuildFile; fileRef = 4DD011F71AC749A000137125 /* FeedItem.swift */; };
		4DE805381ACD70000034D868 /* FacebookSDK.framework in Frameworks */ = {isa = PBXBuildFile; fileRef = 4DE805371ACD70000034D868 /* FacebookSDK.framework */; };
/* End PBXBuildFile section */

/* Begin PBXContainerItemProxy section */
		4D562E641ABECFE4002C4560 /* PBXContainerItemProxy */ = {
			isa = PBXContainerItemProxy;
			containerPortal = 4D562E431ABECFE4002C4560 /* Project object */;
			proxyType = 1;
			remoteGlobalIDString = 4D562E4A1ABECFE4002C4560;
			remoteInfo = ExchangeAGram;
		};
/* End PBXContainerItemProxy section */

/* Begin PBXFileReference section */
		4D0ABAAF1ABF5A91008BF5FB /* MobileCoreServices.framework */ = {isa = PBXFileReference; lastKnownFileType = wrapper.framework; name = MobileCoreServices.framework; path = System/Library/Frameworks/MobileCoreServices.framework; sourceTree = SDKROOT; };
		4D26C2DE1AC18ABD00C3C1AE /* FilterViewController.swift */ = {isa = PBXFileReference; fileEncoding = 4; lastKnownFileType = sourcecode.swift; path = FilterViewController.swift; sourceTree = "<group>"; };
		4D3DDFEB1AC945E1002916D0 /* ProfileViewController.swift */ = {isa = PBXFileReference; fileEncoding = 4; lastKnownFileType = sourcecode.swift; path = ProfileViewController.swift; sourceTree = "<group>"; };
		4D562E4B1ABECFE4002C4560 /* ExchangeAGram.app */ = {isa = PBXFileReference; explicitFileType = wrapper.application; includeInIndex = 0; path = ExchangeAGram.app; sourceTree = BUILT_PRODUCTS_DIR; };
		4D562E4F1ABECFE4002C4560 /* Info.plist */ = {isa = PBXFileReference; lastKnownFileType = text.plist.xml; path = Info.plist; sourceTree = "<group>"; };
		4D562E501ABECFE4002C4560 /* AppDelegate.swift */ = {isa = PBXFileReference; lastKnownFileType = sourcecode.swift; path = AppDelegate.swift; sourceTree = "<group>"; };
		4D562E531ABECFE4002C4560 /* ExchangeAGram.xcdatamodel */ = {isa = PBXFileReference; lastKnownFileType = wrapper.xcdatamodel; path = ExchangeAGram.xcdatamodel; sourceTree = "<group>"; };
		4D562E581ABECFE4002C4560 /* Base */ = {isa = PBXFileReference; lastKnownFileType = file.storyboard; name = Base; path = Base.lproj/Main.storyboard; sourceTree = "<group>"; };
		4D562E5A1ABECFE4002C4560 /* Images.xcassets */ = {isa = PBXFileReference; lastKnownFileType = folder.assetcatalog; path = Images.xcassets; sourceTree = "<group>"; };
		4D562E5D1ABECFE4002C4560 /* Base */ = {isa = PBXFileReference; lastKnownFileType = file.xib; name = Base; path = Base.lproj/LaunchScreen.xib; sourceTree = "<group>"; };
		4D562E631ABECFE4002C4560 /* ExchangeAGramTests.xctest */ = {isa = PBXFileReference; explicitFileType = wrapper.cfbundle; includeInIndex = 0; path = ExchangeAGramTests.xctest; sourceTree = BUILT_PRODUCTS_DIR; };
		4D562E681ABECFE5002C4560 /* Info.plist */ = {isa = PBXFileReference; lastKnownFileType = text.plist.xml; path = Info.plist; sourceTree = "<group>"; };
		4D562E691ABECFE5002C4560 /* ExchangeAGramTests.swift */ = {isa = PBXFileReference; lastKnownFileType = sourcecode.swift; path = ExchangeAGramTests.swift; sourceTree = "<group>"; };
		4D562E731ABEF764002C4560 /* FeedViewController.swift */ = {isa = PBXFileReference; fileEncoding = 4; lastKnownFileType = sourcecode.swift; path = FeedViewController.swift; sourceTree = "<group>"; };
		4D562E751ABF3268002C4560 /* FeedCell.swift */ = {isa = PBXFileReference; fileEncoding = 4; lastKnownFileType = sourcecode.swift; path = FeedCell.swift; sourceTree = "<group>"; };
		4D9E1F2B1ACA88E400CF34FD /* Bridging-Header.h */ = {isa = PBXFileReference; lastKnownFileType = sourcecode.c.h; path = "Bridging-Header.h"; sourceTree = "<group>"; };
		4DB2B9121AC457C900FF9B6C /* FilterCell.swift */ = {isa = PBXFileReference; fileEncoding = 4; lastKnownFileType = sourcecode.swift; path = FilterCell.swift; sourceTree = "<group>"; };
		4DD011F71AC749A000137125 /* FeedItem.swift */ = {isa = PBXFileReference; fileEncoding = 4; lastKnownFileType = sourcecode.swift; name = FeedItem.swift; path = ../FeedItem.swift; sourceTree = "<group>"; };
		4DE805371ACD70000034D868 /* FacebookSDK.framework */ = {isa = PBXFileReference; lastKnownFileType = wrapper.framework; path = FacebookSDK.framework; sourceTree = "<group>"; };
/* End PBXFileReference section */

/* Begin PBXFrameworksBuildPhase section */
		4D562E481ABECFE4002C4560 /* Frameworks */ = {
			isa = PBXFrameworksBuildPhase;
			buildActionMask = 2147483647;
			files = (
				4D0ABAB01ABF5A91008BF5FB /* MobileCoreServices.framework in Frameworks */,
				4DE805381ACD70000034D868 /* FacebookSDK.framework in Frameworks */,
			);
			runOnlyForDeploymentPostprocessing = 0;
		};
		4D562E601ABECFE4002C4560 /* Frameworks */ = {
			isa = PBXFrameworksBuildPhase;
			buildActionMask = 2147483647;
			files = (
			);
			runOnlyForDeploymentPostprocessing = 0;
		};
/* End PBXFrameworksBuildPhase section */

/* Begin PBXGroup section */
		4D562E421ABECFE4002C4560 = {
			isa = PBXGroup;
			children = (
				4D562E4D1ABECFE4002C4560 /* ExchangeAGram */,
				4D562E661ABECFE4002C4560 /* ExchangeAGramTests */,
				4D562E4C1ABECFE4002C4560 /* Products */,
			);
			sourceTree = "<group>";
		};
		4D562E4C1ABECFE4002C4560 /* Products */ = {
			isa = PBXGroup;
			children = (
				4D562E4B1ABECFE4002C4560 /* ExchangeAGram.app */,
				4D562E631ABECFE4002C4560 /* ExchangeAGramTests.xctest */,
			);
			name = Products;
			sourceTree = "<group>";
		};
		4D562E4D1ABECFE4002C4560 /* ExchangeAGram */ = {
			isa = PBXGroup;
			children = (
				4D562E501ABECFE4002C4560 /* AppDelegate.swift */,
				4D9E1F2B1ACA88E400CF34FD /* Bridging-Header.h */,
				4D562E731ABEF764002C4560 /* FeedViewController.swift */,
				4D26C2DE1AC18ABD00C3C1AE /* FilterViewController.swift */,
				4DB2B9121AC457C900FF9B6C /* FilterCell.swift */,
				4D562E751ABF3268002C4560 /* FeedCell.swift */,
				4D3DDFEB1AC945E1002916D0 /* ProfileViewController.swift */,
				4D562E571ABECFE4002C4560 /* Main.storyboard */,
				4D562E5A1ABECFE4002C4560 /* Images.xcassets */,
				4D562E5C1ABECFE4002C4560 /* LaunchScreen.xib */,
				4DD011F91AC749DA00137125 /* Model */,
				4D562E4E1ABECFE4002C4560 /* Supporting Files */,
			);
			path = ExchangeAGram;
			sourceTree = "<group>";
		};
		4D562E4E1ABECFE4002C4560 /* Supporting Files */ = {
			isa = PBXGroup;
			children = (
				4DE805371ACD70000034D868 /* FacebookSDK.framework */,
				4D0ABAAF1ABF5A91008BF5FB /* MobileCoreServices.framework */,
				4D562E4F1ABECFE4002C4560 /* Info.plist */,
			);
			name = "Supporting Files";
			sourceTree = "<group>";
		};
		4D562E661ABECFE4002C4560 /* ExchangeAGramTests */ = {
			isa = PBXGroup;
			children = (
				4D562E691ABECFE5002C4560 /* ExchangeAGramTests.swift */,
				4D562E671ABECFE4002C4560 /* Supporting Files */,
			);
			path = ExchangeAGramTests;
			sourceTree = "<group>";
		};
		4D562E671ABECFE4002C4560 /* Supporting Files */ = {
			isa = PBXGroup;
			children = (
				4D562E681ABECFE5002C4560 /* Info.plist */,
			);
			name = "Supporting Files";
			sourceTree = "<group>";
		};
		4DD011F91AC749DA00137125 /* Model */ = {
			isa = PBXGroup;
			children = (
				4D562E521ABECFE4002C4560 /* ExchangeAGram.xcdatamodeld */,
				4DD011F71AC749A000137125 /* FeedItem.swift */,
			);
			name = Model;
			sourceTree = "<group>";
		};
/* End PBXGroup section */

/* Begin PBXNativeTarget section */
		4D562E4A1ABECFE4002C4560 /* ExchangeAGram */ = {
			isa = PBXNativeTarget;
			buildConfigurationList = 4D562E6D1ABECFE5002C4560 /* Build configuration list for PBXNativeTarget "ExchangeAGram" */;
			buildPhases = (
				4D562E471ABECFE4002C4560 /* Sources */,
				4D562E481ABECFE4002C4560 /* Frameworks */,
				4D562E491ABECFE4002C4560 /* Resources */,
			);
			buildRules = (
			);
			dependencies = (
			);
			name = ExchangeAGram;
			productName = ExchangeAGram;
			productReference = 4D562E4B1ABECFE4002C4560 /* ExchangeAGram.app */;
			productType = "com.apple.product-type.application";
		};
		4D562E621ABECFE4002C4560 /* ExchangeAGramTests */ = {
			isa = PBXNativeTarget;
			buildConfigurationList = 4D562E701ABECFE5002C4560 /* Build configuration list for PBXNativeTarget "ExchangeAGramTests" */;
			buildPhases = (
				4D562E5F1ABECFE4002C4560 /* Sources */,
				4D562E601ABECFE4002C4560 /* Frameworks */,
				4D562E611ABECFE4002C4560 /* Resources */,
			);
			buildRules = (
			);
			dependencies = (
				4D562E651ABECFE4002C4560 /* PBXTargetDependency */,
			);
			name = ExchangeAGramTests;
			productName = ExchangeAGramTests;
			productReference = 4D562E631ABECFE4002C4560 /* ExchangeAGramTests.xctest */;
			productType = "com.apple.product-type.bundle.unit-test";
		};
/* End PBXNativeTarget section */

/* Begin PBXProject section */
		4D562E431ABECFE4002C4560 /* Project object */ = {
			isa = PBXProject;
			attributes = {
				LastUpgradeCheck = 0620;
				ORGANIZATIONNAME = evenwerk;
				TargetAttributes = {
					4D562E4A1ABECFE4002C4560 = {
						CreatedOnToolsVersion = 6.2;
					};
					4D562E621ABECFE4002C4560 = {
						CreatedOnToolsVersion = 6.2;
						TestTargetID = 4D562E4A1ABECFE4002C4560;
					};
				};
			};
			buildConfigurationList = 4D562E461ABECFE4002C4560 /* Build configuration list for PBXProject "ExchangeAGram" */;
			compatibilityVersion = "Xcode 3.2";
			developmentRegion = English;
			hasScannedForEncodings = 0;
			knownRegions = (
				en,
				Base,
			);
			mainGroup = 4D562E421ABECFE4002C4560;
			productRefGroup = 4D562E4C1ABECFE4002C4560 /* Products */;
			projectDirPath = "";
			projectRoot = "";
			targets = (
				4D562E4A1ABECFE4002C4560 /* ExchangeAGram */,
				4D562E621ABECFE4002C4560 /* ExchangeAGramTests */,
			);
		};
/* End PBXProject section */

/* Begin PBXResourcesBuildPhase section */
		4D562E491ABECFE4002C4560 /* Resources */ = {
			isa = PBXResourcesBuildPhase;
			buildActionMask = 2147483647;
			files = (
				4D562E591ABECFE4002C4560 /* Main.storyboard in Resources */,
				4D562E5E1ABECFE4002C4560 /* LaunchScreen.xib in Resources */,
				4D562E5B1ABECFE4002C4560 /* Images.xcassets in Resources */,
			);
			runOnlyForDeploymentPostprocessing = 0;
		};
		4D562E611ABECFE4002C4560 /* Resources */ = {
			isa = PBXResourcesBuildPhase;
			buildActionMask = 2147483647;
			files = (
			);
			runOnlyForDeploymentPostprocessing = 0;
		};
/* End PBXResourcesBuildPhase section */

/* Begin PBXSourcesBuildPhase section */
		4D562E471ABECFE4002C4560 /* Sources */ = {
			isa = PBXSourcesBuildPhase;
			buildActionMask = 2147483647;
			files = (
				4DB2B9131AC457C900FF9B6C /* FilterCell.swift in Sources */,
				4D26C2DF1AC18ABD00C3C1AE /* FilterViewController.swift in Sources */,
				4D562E511ABECFE4002C4560 /* AppDelegate.swift in Sources */,
				4D562E761ABF3268002C4560 /* FeedCell.swift in Sources */,
				4D562E741ABEF764002C4560 /* FeedViewController.swift in Sources */,
				4DD011F81AC749A000137125 /* FeedItem.swift in Sources */,
				4D3DDFEC1AC945E1002916D0 /* ProfileViewController.swift in Sources */,
				4D562E541ABECFE4002C4560 /* ExchangeAGram.xcdatamodeld in Sources */,
			);
			runOnlyForDeploymentPostprocessing = 0;
		};
		4D562E5F1ABECFE4002C4560 /* Sources */ = {
			isa = PBXSourcesBuildPhase;
			buildActionMask = 2147483647;
			files = (
				4D562E6A1ABECFE5002C4560 /* ExchangeAGramTests.swift in Sources */,
			);
			runOnlyForDeploymentPostprocessing = 0;
		};
/* End PBXSourcesBuildPhase section */

/* Begin PBXTargetDependency section */
		4D562E651ABECFE4002C4560 /* PBXTargetDependency */ = {
			isa = PBXTargetDependency;
			target = 4D562E4A1ABECFE4002C4560 /* ExchangeAGram */;
			targetProxy = 4D562E641ABECFE4002C4560 /* PBXContainerItemProxy */;
		};
/* End PBXTargetDependency section */

/* Begin PBXVariantGroup section */
		4D562E571ABECFE4002C4560 /* Main.storyboard */ = {
			isa = PBXVariantGroup;
			children = (
				4D562E581ABECFE4002C4560 /* Base */,
			);
			name = Main.storyboard;
			sourceTree = "<group>";
		};
		4D562E5C1ABECFE4002C4560 /* LaunchScreen.xib */ = {
			isa = PBXVariantGroup;
			children = (
				4D562E5D1ABECFE4002C4560 /* Base */,
			);
			name = LaunchScreen.xib;
			sourceTree = "<group>";
		};
/* End PBXVariantGroup section */

/* Begin XCBuildConfiguration section */
		4D562E6B1ABECFE5002C4560 /* Debug */ = {
			isa = XCBuildConfiguration;
			buildSettings = {
				ALWAYS_SEARCH_USER_PATHS = NO;
				CLANG_CXX_LANGUAGE_STANDARD = "gnu++0x";
				CLANG_CXX_LIBRARY = "libc++";
				CLANG_ENABLE_MODULES = YES;
				CLANG_ENABLE_OBJC_ARC = YES;
				CLANG_WARN_BOOL_CONVERSION = YES;
				CLANG_WARN_CONSTANT_CONVERSION = YES;
				CLANG_WARN_DIRECT_OBJC_ISA_USAGE = YES_ERROR;
				CLANG_WARN_EMPTY_BODY = YES;
				CLANG_WARN_ENUM_CONVERSION = YES;
				CLANG_WARN_INT_CONVERSION = YES;
				CLANG_WARN_OBJC_ROOT_CLASS = YES_ERROR;
				CLANG_WARN_UNREACHABLE_CODE = YES;
				CLANG_WARN__DUPLICATE_METHOD_MATCH = YES;
				"CODE_SIGN_IDENTITY[sdk=iphoneos*]" = "iPhone Developer";
				COPY_PHASE_STRIP = NO;
				ENABLE_STRICT_OBJC_MSGSEND = YES;
				GCC_C_LANGUAGE_STANDARD = gnu99;
				GCC_DYNAMIC_NO_PIC = NO;
				GCC_OPTIMIZATION_LEVEL = 0;
				GCC_PREPROCESSOR_DEFINITIONS = (
					"DEBUG=1",
					"$(inherited)",
				);
				GCC_SYMBOLS_PRIVATE_EXTERN = NO;
				GCC_WARN_64_TO_32_BIT_CONVERSION = YES;
				GCC_WARN_ABOUT_RETURN_TYPE = YES_ERROR;
				GCC_WARN_UNDECLARED_SELECTOR = YES;
				GCC_WARN_UNINITIALIZED_AUTOS = YES_AGGRESSIVE;
				GCC_WARN_UNUSED_FUNCTION = YES;
				GCC_WARN_UNUSED_VARIABLE = YES;
				IPHONEOS_DEPLOYMENT_TARGET = 8.2;
				MTL_ENABLE_DEBUG_INFO = YES;
				ONLY_ACTIVE_ARCH = YES;
				SDKROOT = iphoneos;
				SWIFT_OPTIMIZATION_LEVEL = "-Onone";
				TARGETED_DEVICE_FAMILY = "1,2";
			};
			name = Debug;
		};
		4D562E6C1ABECFE5002C4560 /* Release */ = {
			isa = XCBuildConfiguration;
			buildSettings = {
				ALWAYS_SEARCH_USER_PATHS = NO;
				CLANG_CXX_LANGUAGE_STANDARD = "gnu++0x";
				CLANG_CXX_LIBRARY = "libc++";
				CLANG_ENABLE_MODULES = YES;
				CLANG_ENABLE_OBJC_ARC = YES;
				CLANG_WARN_BOOL_CONVERSION = YES;
				CLANG_WARN_CONSTANT_CONVERSION = YES;
				CLANG_WARN_DIRECT_OBJC_ISA_USAGE = YES_ERROR;
				CLANG_WARN_EMPTY_BODY = YES;
				CLANG_WARN_ENUM_CONVERSION = YES;
				CLANG_WARN_INT_CONVERSION = YES;
				CLANG_WARN_OBJC_ROOT_CLASS = YES_ERROR;
				CLANG_WARN_UNREACHABLE_CODE = YES;
				CLANG_WARN__DUPLICATE_METHOD_MATCH = YES;
				"CODE_SIGN_IDENTITY[sdk=iphoneos*]" = "iPhone Developer";
				COPY_PHASE_STRIP = NO;
				ENABLE_NS_ASSERTIONS = NO;
				ENABLE_STRICT_OBJC_MSGSEND = YES;
				GCC_C_LANGUAGE_STANDARD = gnu99;
				GCC_WARN_64_TO_32_BIT_CONVERSION = YES;
				GCC_WARN_ABOUT_RETURN_TYPE = YES_ERROR;
				GCC_WARN_UNDECLARED_SELECTOR = YES;
				GCC_WARN_UNINITIALIZED_AUTOS = YES_AGGRESSIVE;
				GCC_WARN_UNUSED_FUNCTION = YES;
				GCC_WARN_UNUSED_VARIABLE = YES;
				IPHONEOS_DEPLOYMENT_TARGET = 8.2;
				MTL_ENABLE_DEBUG_INFO = NO;
				SDKROOT = iphoneos;
				TARGETED_DEVICE_FAMILY = "1,2";
				VALIDATE_PRODUCT = YES;
			};
			name = Release;
		};
		4D562E6E1ABECFE5002C4560 /* Debug */ = {
			isa = XCBuildConfiguration;
			buildSettings = {
				ASSETCATALOG_COMPILER_APPICON_NAME = AppIcon;
				FRAMEWORK_SEARCH_PATHS = (
					"$(inherited)",
					/Users/evenwerk/Documents/FacebookSDK,
					"$(PROJECT_DIR)/ExchangeAGram",
				);
				INFOPLIST_FILE = ExchangeAGram/Info.plist;
				LD_RUNPATH_SEARCH_PATHS = "$(inherited) @executable_path/Frameworks";
				PRODUCT_NAME = "$(TARGET_NAME)";
				SWIFT_OBJC_BRIDGING_HEADER = "ExchangeAGram/Bridging-Header.h";
			};
			name = Debug;
		};
		4D562E6F1ABECFE5002C4560 /* Release */ = {
			isa = XCBuildConfiguration;
			buildSettings = {
				ASSETCATALOG_COMPILER_APPICON_NAME = AppIcon;
				FRAMEWORK_SEARCH_PATHS = (
					"$(inherited)",
					/Users/evenwerk/Documents/FacebookSDK,
					"$(PROJECT_DIR)/ExchangeAGram",
				);
				INFOPLIST_FILE = ExchangeAGram/Info.plist;
				LD_RUNPATH_SEARCH_PATHS = "$(inherited) @executable_path/Frameworks";
				PRODUCT_NAME = "$(TARGET_NAME)";
				SWIFT_OBJC_BRIDGING_HEADER = "ExchangeAGram/Bridging-Header.h";
			};
			name = Release;
		};
		4D562E711ABECFE5002C4560 /* Debug */ = {
			isa = XCBuildConfiguration;
			buildSettings = {
				BUNDLE_LOADER = "$(TEST_HOST)";
				FRAMEWORK_SEARCH_PATHS = (
					"$(SDKROOT)/Developer/Library/Frameworks",
					"$(inherited)",
				);
				GCC_PREPROCESSOR_DEFINITIONS = (
					"DEBUG=1",
					"$(inherited)",
				);
				INFOPLIST_FILE = ExchangeAGramTests/Info.plist;
				LD_RUNPATH_SEARCH_PATHS = "$(inherited) @executable_path/Frameworks @loader_path/Frameworks";
				PRODUCT_NAME = "$(TARGET_NAME)";
				TEST_HOST = "$(BUILT_PRODUCTS_DIR)/ExchangeAGram.app/ExchangeAGram";
			};
			name = Debug;
		};
		4D562E721ABECFE5002C4560 /* Release */ = {
			isa = XCBuildConfiguration;
			buildSettings = {
				BUNDLE_LOADER = "$(TEST_HOST)";
				FRAMEWORK_SEARCH_PATHS = (
					"$(SDKROOT)/Developer/Library/Frameworks",
					"$(inherited)",
				);
				INFOPLIST_FILE = ExchangeAGramTests/Info.plist;
				LD_RUNPATH_SEARCH_PATHS = "$(inherited) @executable_path/Frameworks @loader_path/Frameworks";
				PRODUCT_NAME = "$(TARGET_NAME)";
				TEST_HOST = "$(BUILT_PRODUCTS_DIR)/ExchangeAGram.app/ExchangeAGram";
			};
			name = Release;
		};
/* End XCBuildConfiguration section */

/* Begin XCConfigurationList section */
		4D562E461ABECFE4002C4560 /* Build configuration list for PBXProject "ExchangeAGram" */ = {
			isa = XCConfigurationList;
			buildConfigurations = (
				4D562E6B1ABECFE5002C4560 /* Debug */,
				4D562E6C1ABECFE5002C4560 /* Release */,
			);
			defaultConfigurationIsVisible = 0;
			defaultConfigurationName = Release;
		};
		4D562E6D1ABECFE5002C4560 /* Build configuration list for PBXNativeTarget "ExchangeAGram" */ = {
			isa = XCConfigurationList;
			buildConfigurations = (
				4D562E6E1ABECFE5002C4560 /* Debug */,
				4D562E6F1ABECFE5002C4560 /* Release */,
			);
			defaultConfigurationIsVisible = 0;
			defaultConfigurationName = Release;
		};
		4D562E701ABECFE5002C4560 /* Build configuration list for PBXNativeTarget "ExchangeAGramTests" */ = {
			isa = XCConfigurationList;
			buildConfigurations = (
				4D562E711ABECFE5002C4560 /* Debug */,
				4D562E721ABECFE5002C4560 /* Release */,
			);
			defaultConfigurationIsVisible = 0;
			defaultConfigurationName = Release;
		};
/* End XCConfigurationList section */

/* Begin XCVersionGroup section */
		4D562E521ABECFE4002C4560 /* ExchangeAGram.xcdatamodeld */ = {
			isa = XCVersionGroup;
			children = (
				4D562E531ABECFE4002C4560 /* ExchangeAGram.xcdatamodel */,
			);
			currentVersion = 4D562E531ABECFE4002C4560 /* ExchangeAGram.xcdatamodel */;
			path = ExchangeAGram.xcdatamodeld;
			sourceTree = "<group>";
			versionGroupType = wrapper.xcdatamodel;
		};
/* End XCVersionGroup section */
	};
	rootObject = 4D562E431ABECFE4002C4560 /* Project object */;
}
